
Microsoft Visual Studio Solution File, Format Version 12.00
# Visual Studio Version 17
VisualStudioVersion = 17.8.34309.116
MinimumVisualStudioVersion = 10.0.40219.1
Project("{FAE04EC0-301F-11D3-BF4B-00C04F79EFBC}") = "Process", "Process.csproj", "{345480FE-583C-4207-B289-B5534FD36FF7}"
EndProject
Global
	GlobalSection(SolutionConfigurationPlatforms) = preSolution
		Debug|Any CPU = Debug|Any CPU
		Release|Any CPU = Release|Any CPU
	EndGlobalSection
	GlobalSection(ProjectConfigurationPlatforms) = postSolution
		{345480FE-583C-4207-B289-B5534FD36FF7}.Debug|Any CPU.ActiveCfg = Debug|Any CPU
		{345480FE-583C-4207-B289-B5534FD36FF7}.Debug|Any CPU.Build.0 = Debug|Any CPU
		{345480FE-583C-4207-B289-B5534FD36FF7}.Release|Any CPU.ActiveCfg = Release|Any CPU
		{345480FE-583C-4207-B289-B5534FD36FF7}.Release|Any CPU.Build.0 = Release|Any CPU
	EndGlobalSection
	GlobalSection(SolutionProperties) = preSolution
		HideSolutionNode = FALSE
	EndGlobalSection
	GlobalSection(ExtensibilityGlobals) = postSolution
		SolutionGuid = {9B8F45CD-58C4-400A-9D92-6254C5AA2132}
	EndGlobalSection
EndGlobal
